{
  "name": "spinal-vue-components-nodes",
  "version": "1.0.0",
  "lockfileVersion": 1,
  "requires": true,
  "dependencies": {
    "spinal-vue-components-buttons": {
      "version": "git+https://github.com/spinalcom/spinal-vue-components-buttons.git#69538f3feea030279fc9ecb69e4110db6a01bb8d",
      "from": "git+https://github.com/spinalcom/spinal-vue-components-buttons.git"
    },
    "spinal-vue-components-color-markers": {
      "version": "git+https://github.com/spinalcom/spinal-vue-components-color-markers.git#e757e200313667d3c0a6bdc4410b4aea12562b5f",
      "from": "git+https://github.com/spinalcom/spinal-vue-components-color-markers.git"
    }
  }
}
